
Microsoft Visual Studio Solution File, Format Version 12.00
# Visual Studio Version 17
VisualStudioVersion = 17.14.37111.16
MinimumVisualStudioVersion = 10.0.40219.1
Project("{FAE04EC0-301F-11D3-BF4B-00C04F79EFBC}") = "HomeMediaRemote.Host", "HomeMediaRemote.Host.csproj", "{4F26FF96-446E-4B5C-AB25-234B26B6A075}"
EndProject
Project("{FAE04EC0-301F-11D3-BF4B-00C04F79EFBC}") = "HomeMediaRemote.Audio.Windows", "..\Windows\HomeMediaRemote.Audio.Windows\HomeMediaRemote.Audio.Windows.csproj", "{13F54A47-59C8-4E66-B874-E3D38E7ECD14}"
EndProject
Project("{FAE04EC0-301F-11D3-BF4B-00C04F79EFBC}") = "HomeMediaRemote.Pc.Windows", "..\Windows\HomeMediaRemote.Pc.Windows\HomeMediaRemote.Pc.Windows.csproj", "{A2194DE3-AEEC-460F-8D44-DFA1AADAD9BF}"
EndProject
Project("{FAE04EC0-301F-11D3-BF4B-00C04F79EFBC}") = "HomeMediaRemote.Media.Windows", "..\Windows\HomeMediaRemote.Media.Windows\HomeMediaRemote.Media.Windows.csproj", "{E9A75183-30F9-493A-BE9F-3F7893E662DF}"
EndProject
Global
	GlobalSection(SolutionConfigurationPlatforms) = preSolution
		Debug|Any CPU = Debug|Any CPU
		Release|Any CPU = Release|Any CPU
	EndGlobalSection
	GlobalSection(ProjectConfigurationPlatforms) = postSolution
		{4F26FF96-446E-4B5C-AB25-234B26B6A075}.Debug|Any CPU.ActiveCfg = Debug|Any CPU
		{4F26FF96-446E-4B5C-AB25-234B26B6A075}.Debug|Any CPU.Build.0 = Debug|Any CPU
		{4F26FF96-446E-4B5C-AB25-234B26B6A075}.Release|Any CPU.ActiveCfg = Release|Any CPU
		{4F26FF96-446E-4B5C-AB25-234B26B6A075}.Release|Any CPU.Build.0 = Release|Any CPU
		{13F54A47-59C8-4E66-B874-E3D38E7ECD14}.Debug|Any CPU.ActiveCfg = Debug|Any CPU
		{13F54A47-59C8-4E66-B874-E3D38E7ECD14}.Debug|Any CPU.Build.0 = Debug|Any CPU
		{13F54A47-59C8-4E66-B874-E3D38E7ECD14}.Release|Any CPU.ActiveCfg = Release|Any CPU
		{13F54A47-59C8-4E66-B874-E3D38E7ECD14}.Release|Any CPU.Build.0 = Release|Any CPU
		{A2194DE3-AEEC-460F-8D44-DFA1AADAD9BF}.Debug|Any CPU.ActiveCfg = Debug|Any CPU
		{A2194DE3-AEEC-460F-8D44-DFA1AADAD9BF}.Debug|Any CPU.Build.0 = Debug|Any CPU
		{A2194DE3-AEEC-460F-8D44-DFA1AADAD9BF}.Release|Any CPU.ActiveCfg = Release|Any CPU
		{A2194DE3-AEEC-460F-8D44-DFA1AADAD9BF}.Release|Any CPU.Build.0 = Release|Any CPU
		{E9A75183-30F9-493A-BE9F-3F7893E662DF}.Debug|Any CPU.ActiveCfg = Debug|Any CPU
		{E9A75183-30F9-493A-BE9F-3F7893E662DF}.Debug|Any CPU.Build.0 = Debug|Any CPU
		{E9A75183-30F9-493A-BE9F-3F7893E662DF}.Release|Any CPU.ActiveCfg = Release|Any CPU
		{E9A75183-30F9-493A-BE9F-3F7893E662DF}.Release|Any CPU.Build.0 = Release|Any CPU
	EndGlobalSection
	GlobalSection(SolutionProperties) = preSolution
		HideSolutionNode = FALSE
	EndGlobalSection
	GlobalSection(ExtensibilityGlobals) = postSolution
		SolutionGuid = {5E08AD81-BA53-409E-AE8C-28CF9DEDBB28}
	EndGlobalSection
EndGlobal
