
Microsoft Visual Studio Solution File, Format Version 12.00
# Visual Studio Version 17
VisualStudioVersion = 17.14.37111.16 d17.14
MinimumVisualStudioVersion = 10.0.40219.1
Project("{FAE04EC0-301F-11D3-BF4B-00C04F79EFBC}") = "HomeMediaRemote.Host", "HomeMediaRemote.Host.csproj", "{4F26FF96-446E-4B5C-AB25-234B26B6A075}"
EndProject
Global
	GlobalSection(SolutionConfigurationPlatforms) = preSolution
		Debug|Any CPU = Debug|Any CPU
		Release|Any CPU = Release|Any CPU
	EndGlobalSection
	GlobalSection(ProjectConfigurationPlatforms) = postSolution
		{4F26FF96-446E-4B5C-AB25-234B26B6A075}.Debug|Any CPU.ActiveCfg = Debug|Any CPU
		{4F26FF96-446E-4B5C-AB25-234B26B6A075}.Debug|Any CPU.Build.0 = Debug|Any CPU
		{4F26FF96-446E-4B5C-AB25-234B26B6A075}.Release|Any CPU.ActiveCfg = Release|Any CPU
		{4F26FF96-446E-4B5C-AB25-234B26B6A075}.Release|Any CPU.Build.0 = Release|Any CPU
	EndGlobalSection
	GlobalSection(SolutionProperties) = preSolution
		HideSolutionNode = FALSE
	EndGlobalSection
	GlobalSection(ExtensibilityGlobals) = postSolution
		SolutionGuid = {5E08AD81-BA53-409E-AE8C-28CF9DEDBB28}
	EndGlobalSection
EndGlobal
